
Microsoft Visual Studio Solution File, Format Version 12.00
# Visual Studio Version 17
VisualStudioVersion = 17.2.32519.379
MinimumVisualStudioVersion = 10.0.40219.1
Project("{FAE04EC0-301F-11D3-BF4B-00C04F79EFBC}") = "mangTopolja", "mangTopolja\mangTopolja.csproj", "{88BCEB27-B331-4A59-8AE4-0DE6CEC6F758}"
EndProject
Global
	GlobalSection(SolutionConfigurationPlatforms) = preSolution
		Debug|Any CPU = Debug|Any CPU
		Release|Any CPU = Release|Any CPU
	EndGlobalSection
	GlobalSection(ProjectConfigurationPlatforms) = postSolution
		{88BCEB27-B331-4A59-8AE4-0DE6CEC6F758}.Debug|Any CPU.ActiveCfg = Debug|Any CPU
		{88BCEB27-B331-4A59-8AE4-0DE6CEC6F758}.Debug|Any CPU.Build.0 = Debug|Any CPU
		{88BCEB27-B331-4A59-8AE4-0DE6CEC6F758}.Release|Any CPU.ActiveCfg = Release|Any CPU
		{88BCEB27-B331-4A59-8AE4-0DE6CEC6F758}.Release|Any CPU.Build.0 = Release|Any CPU
	EndGlobalSection
	GlobalSection(SolutionProperties) = preSolution
		HideSolutionNode = FALSE
	EndGlobalSection
	GlobalSection(ExtensibilityGlobals) = postSolution
		SolutionGuid = {4FAD0A13-0B74-4D92-9CC0-451D5F53310D}
	EndGlobalSection
EndGlobal
